# THIS IS AN AUTOGENERATED FILE. DO NOT EDIT THIS FILE DIRECTLY.
# yarn lockfile v1


mmcgrath-prettier-config@^1.0.0:
  version "1.0.0"
  resolved "https://registry.yarnpkg.com/mmcgrath-prettier-config/-/mmcgrath-prettier-config-1.0.0.tgz#42778ae94a252d676305f7ae487a03d22e721071"
  integrity sha512-ytbWPX1/7qq+1x2pmyz2ylUFUAGM5zYwmBJA+MkIhBRfTCbnVVBJP4UPS3OAzqBsr0sd4fsXCkwd3b+X7pRbxw==

prettier@^1.19.1:
  version "1.19.1"
  resolved "https://registry.yarnpkg.com/prettier/-/prettier-1.19.1.tgz#f7d7f5ff8a9cd872a7be4ca142095956a60797cb"
  integrity sha512-s7PoyDv/II1ObgQunCbB9PdLmUcBZcnWOcxDh7O0N/UwDEsHyqkW+Qh28jW+mVuCdx7gLB0BotYI1Y6uI9iyew==
